
Microsoft Visual Studio Solution File, Format Version 12.00
# Visual Studio Version 17
VisualStudioVersion = 17.0.32002.185
MinimumVisualStudioVersion = 10.0.40219.1
Project("{888888A0-9F3D-457C-B088-3A5042F75D52}") = "SendEmailWithAttachment", "SendEmailWithAttachment.pyproj", "{965A81E5-D3EE-4C62-8D92-E86BD4545F78}"
EndProject
Global
	GlobalSection(SolutionConfigurationPlatforms) = preSolution
		Debug|Any CPU = Debug|Any CPU
		Release|Any CPU = Release|Any CPU
	EndGlobalSection
	GlobalSection(ProjectConfigurationPlatforms) = postSolution
		{965A81E5-D3EE-4C62-8D92-E86BD4545F78}.Debug|Any CPU.ActiveCfg = Debug|Any CPU
		{965A81E5-D3EE-4C62-8D92-E86BD4545F78}.Release|Any CPU.ActiveCfg = Release|Any CPU
	EndGlobalSection
	GlobalSection(SolutionProperties) = preSolution
		HideSolutionNode = FALSE
	EndGlobalSection
	GlobalSection(ExtensibilityGlobals) = postSolution
		SolutionGuid = {0388075D-55CA-446D-9309-FAAEBF571B4F}
	EndGlobalSection
EndGlobal
